
Microsoft Visual Studio Solution File, Format Version 12.00
# Visual Studio Version 17
VisualStudioVersion = 17.3.32922.545
MinimumVisualStudioVersion = 10.0.40219.1
Project("{FAE04EC0-301F-11D3-BF4B-00C04F79EFBC}") = "WinFormsApp1", "WinFormsApp1.csproj", "{798E8A41-E64E-41D9-A14B-F656F0BFA232}"
EndProject
Global
	GlobalSection(SolutionConfigurationPlatforms) = preSolution
		Debug|Any CPU = Debug|Any CPU
		Release|Any CPU = Release|Any CPU
	EndGlobalSection
	GlobalSection(ProjectConfigurationPlatforms) = postSolution
		{798E8A41-E64E-41D9-A14B-F656F0BFA232}.Debug|Any CPU.ActiveCfg = Debug|Any CPU
		{798E8A41-E64E-41D9-A14B-F656F0BFA232}.Debug|Any CPU.Build.0 = Debug|Any CPU
		{798E8A41-E64E-41D9-A14B-F656F0BFA232}.Release|Any CPU.ActiveCfg = Release|Any CPU
		{798E8A41-E64E-41D9-A14B-F656F0BFA232}.Release|Any CPU.Build.0 = Release|Any CPU
	EndGlobalSection
	GlobalSection(SolutionProperties) = preSolution
		HideSolutionNode = FALSE
	EndGlobalSection
	GlobalSection(ExtensibilityGlobals) = postSolution
		SolutionGuid = {36BD05A6-AC33-4BC7-9644-908537CBE1D4}
	EndGlobalSection
EndGlobal
